{
  "nodes": {
    "nixpkgs": {
      "locked": {
        "lastModified": 1765779637,
        "narHash": "sha256-KJ2wa/BLSrTqDjbfyNx70ov/HdgNBCBBSQP3BIzKnv4=",
        "owner": "nixos",
        "repo": "nixpkgs",
        "rev": "1306659b587dc277866c7b69eb97e5f07864d8c4",
        "type": "github"
      },
      "original": {
        "owner": "nixos",
        "ref": "nixos-unstable",
        "repo": "nixpkgs",
        "type": "github"
      }
    },
    "root": {
      "inputs": {
        "nixpkgs": "nixpkgs",
        "sls-steam": "sls-steam",
        "zen-browser": "zen-browser"
      }
    },
    "sls-steam": {
      "inputs": {
        "nixpkgs": [
          "nixpkgs"
        ]
      },
      "locked": {
        "lastModified": 1765017247,
        "narHash": "sha256-+nfPFd7uusfhhiXSfpCuA6E3tDc/qVW82fKNrjcMOi0=",
        "owner": "AceSLS",
        "repo": "SLSsteam",
        "rev": "721b0012e6451ac4f44b11be4a9f1bb05054c668",
        "type": "github"
      },
      "original": {
        "owner": "AceSLS",
        "repo": "SLSsteam",
        "type": "github"
      }
    },
    "zen-browser": {
      "inputs": {
        "nixpkgs": [
          "nixpkgs"
        ]
      },
      "locked": {
        "lastModified": 1765772419,
        "narHash": "sha256-1mQ1K4fqebT54nz13rcRNjd6a+IbNLwLvYyR62EcyE8=",
        "owner": "youwen5",
        "repo": "zen-browser-flake",
        "rev": "227e836e43fe7985b4c4f8b0076446a6d66f3343",
        "type": "github"
      },
      "original": {
        "owner": "youwen5",
        "repo": "zen-browser-flake",
        "type": "github"
      }
    }
  },
  "root": "root",
  "version": 7
}
